
Microsoft Visual Studio Solution File, Format Version 12.00
# Visual Studio 15
VisualStudioVersion = 15.0.27703.2035
MinimumVisualStudioVersion = 10.0.40219.1
Project("{FAE04EC0-301F-11D3-BF4B-00C04F79EFBC}") = "Orion2-Repacker", "Orion2-Repacker\Orion2-Repacker.csproj", "{54C07F0A-A88D-45AA-BFBF-9FA2BA2AD9B5}"
EndProject
Global
	GlobalSection(Performance) = preSolution
		HasPerformanceSessions = true
	EndGlobalSection
	GlobalSection(SolutionConfigurationPlatforms) = preSolution
		Debug|Any CPU = Debug|Any CPU
		Release|Any CPU = Release|Any CPU
	EndGlobalSection
	GlobalSection(ProjectConfigurationPlatforms) = postSolution
		{54C07F0A-A88D-45AA-BFBF-9FA2BA2AD9B5}.Debug|Any CPU.ActiveCfg = Debug|Any CPU
		{54C07F0A-A88D-45AA-BFBF-9FA2BA2AD9B5}.Debug|Any CPU.Build.0 = Debug|Any CPU
		{54C07F0A-A88D-45AA-BFBF-9FA2BA2AD9B5}.Release|Any CPU.ActiveCfg = Release|Any CPU
		{54C07F0A-A88D-45AA-BFBF-9FA2BA2AD9B5}.Release|Any CPU.Build.0 = Release|Any CPU
	EndGlobalSection
	GlobalSection(SolutionProperties) = preSolution
		HideSolutionNode = FALSE
	EndGlobalSection
	GlobalSection(ExtensibilityGlobals) = postSolution
		SolutionGuid = {A318C7FC-8F04-474F-B20A-CE1766AC67D6}
	EndGlobalSection
EndGlobal
